
Microsoft Visual Studio Solution File, Format Version 12.00
# Visual Studio Version 17
VisualStudioVersion = 17.9.34728.123
MinimumVisualStudioVersion = 10.0.40219.1
Project("{FAE04EC0-301F-11D3-BF4B-00C04F79EFBC}") = "MultiTreeViewSelect", "MultiTreeViewSelect\MultiTreeViewSelect.csproj", "{958F2EA6-9FDA-481E-B0A4-7702E86AE2F7}"
EndProject
Global
	GlobalSection(SolutionConfigurationPlatforms) = preSolution
		Debug|Any CPU = Debug|Any CPU
		Release|Any CPU = Release|Any CPU
	EndGlobalSection
	GlobalSection(ProjectConfigurationPlatforms) = postSolution
		{958F2EA6-9FDA-481E-B0A4-7702E86AE2F7}.Debug|Any CPU.ActiveCfg = Debug|Any CPU
		{958F2EA6-9FDA-481E-B0A4-7702E86AE2F7}.Debug|Any CPU.Build.0 = Debug|Any CPU
		{958F2EA6-9FDA-481E-B0A4-7702E86AE2F7}.Release|Any CPU.ActiveCfg = Release|Any CPU
		{958F2EA6-9FDA-481E-B0A4-7702E86AE2F7}.Release|Any CPU.Build.0 = Release|Any CPU
	EndGlobalSection
	GlobalSection(SolutionProperties) = preSolution
		HideSolutionNode = FALSE
	EndGlobalSection
	GlobalSection(ExtensibilityGlobals) = postSolution
		SolutionGuid = {5602D437-6CCD-400B-9065-6ACEA04FE3FE}
	EndGlobalSection
EndGlobal
